
Microsoft Visual Studio Solution File, Format Version 12.00
# Visual Studio Version 17
VisualStudioVersion = 17.3.32901.215
MinimumVisualStudioVersion = 10.0.40219.1
Project("{8BC9CEB8-8B4A-11D0-8D11-00A0C91BC942}") = "Opdracht1", "CppOpdrachten\CppOpdrachten.vcxproj", "{1448F838-CA7A-46BA-B10D-CCEFA3FC7B9A}"
EndProject
Project("{8BC9CEB8-8B4A-11D0-8D11-00A0C91BC942}") = "Opdracht2", "Opdracht2\Opdracht2.vcxproj", "{83690C19-B0B4-416A-9AF1-F3F641BAB726}"
EndProject
Project("{8BC9CEB8-8B4A-11D0-8D11-00A0C91BC942}") = "Opdracht3", "Opdracht3\Opdracht3.vcxproj", "{40125A48-9F51-4E7C-892F-400CC64C252B}"
EndProject
Project("{8BC9CEB8-8B4A-11D0-8D11-00A0C91BC942}") = "Opdracht4", "Opdracht4\Opdracht4.vcxproj", "{9CC738C6-D2F9-4A28-A591-596C23372AAE}"
EndProject
Project("{2150E333-8FDC-42A3-9474-1A3956D46DE8}") = "Week1", "Week1", "{5A1C7228-ED3C-4BD6-BA00-189A4904153C}"
EndProject
Global
	GlobalSection(SolutionConfigurationPlatforms) = preSolution
		Debug|x64 = Debug|x64
		Debug|x86 = Debug|x86
		Release|x64 = Release|x64
		Release|x86 = Release|x86
	EndGlobalSection
	GlobalSection(ProjectConfigurationPlatforms) = postSolution
		{1448F838-CA7A-46BA-B10D-CCEFA3FC7B9A}.Debug|x64.ActiveCfg = Debug|x64
		{1448F838-CA7A-46BA-B10D-CCEFA3FC7B9A}.Debug|x64.Build.0 = Debug|x64
		{1448F838-CA7A-46BA-B10D-CCEFA3FC7B9A}.Debug|x86.ActiveCfg = Debug|Win32
		{1448F838-CA7A-46BA-B10D-CCEFA3FC7B9A}.Debug|x86.Build.0 = Debug|Win32
		{1448F838-CA7A-46BA-B10D-CCEFA3FC7B9A}.Release|x64.ActiveCfg = Release|x64
		{1448F838-CA7A-46BA-B10D-CCEFA3FC7B9A}.Release|x64.Build.0 = Release|x64
		{1448F838-CA7A-46BA-B10D-CCEFA3FC7B9A}.Release|x86.ActiveCfg = Release|Win32
		{1448F838-CA7A-46BA-B10D-CCEFA3FC7B9A}.Release|x86.Build.0 = Release|Win32
		{83690C19-B0B4-416A-9AF1-F3F641BAB726}.Debug|x64.ActiveCfg = Debug|x64
		{83690C19-B0B4-416A-9AF1-F3F641BAB726}.Debug|x64.Build.0 = Debug|x64
		{83690C19-B0B4-416A-9AF1-F3F641BAB726}.Debug|x86.ActiveCfg = Debug|Win32
		{83690C19-B0B4-416A-9AF1-F3F641BAB726}.Debug|x86.Build.0 = Debug|Win32
		{83690C19-B0B4-416A-9AF1-F3F641BAB726}.Release|x64.ActiveCfg = Release|x64
		{83690C19-B0B4-416A-9AF1-F3F641BAB726}.Release|x64.Build.0 = Release|x64
		{83690C19-B0B4-416A-9AF1-F3F641BAB726}.Release|x86.ActiveCfg = Release|Win32
		{83690C19-B0B4-416A-9AF1-F3F641BAB726}.Release|x86.Build.0 = Release|Win32
		{40125A48-9F51-4E7C-892F-400CC64C252B}.Debug|x64.ActiveCfg = Debug|x64
		{40125A48-9F51-4E7C-892F-400CC64C252B}.Debug|x64.Build.0 = Debug|x64
		{40125A48-9F51-4E7C-892F-400CC64C252B}.Debug|x86.ActiveCfg = Debug|Win32
		{40125A48-9F51-4E7C-892F-400CC64C252B}.Debug|x86.Build.0 = Debug|Win32
		{40125A48-9F51-4E7C-892F-400CC64C252B}.Release|x64.ActiveCfg = Release|x64
		{40125A48-9F51-4E7C-892F-400CC64C252B}.Release|x64.Build.0 = Release|x64
		{40125A48-9F51-4E7C-892F-400CC64C252B}.Release|x86.ActiveCfg = Release|Win32
		{40125A48-9F51-4E7C-892F-400CC64C252B}.Release|x86.Build.0 = Release|Win32
		{9CC738C6-D2F9-4A28-A591-596C23372AAE}.Debug|x64.ActiveCfg = Debug|x64
		{9CC738C6-D2F9-4A28-A591-596C23372AAE}.Debug|x64.Build.0 = Debug|x64
		{9CC738C6-D2F9-4A28-A591-596C23372AAE}.Debug|x86.ActiveCfg = Debug|Win32
		{9CC738C6-D2F9-4A28-A591-596C23372AAE}.Debug|x86.Build.0 = Debug|Win32
		{9CC738C6-D2F9-4A28-A591-596C23372AAE}.Release|x64.ActiveCfg = Release|x64
		{9CC738C6-D2F9-4A28-A591-596C23372AAE}.Release|x64.Build.0 = Release|x64
		{9CC738C6-D2F9-4A28-A591-596C23372AAE}.Release|x86.ActiveCfg = Release|Win32
		{9CC738C6-D2F9-4A28-A591-596C23372AAE}.Release|x86.Build.0 = Release|Win32
	EndGlobalSection
	GlobalSection(SolutionProperties) = preSolution
		HideSolutionNode = FALSE
	EndGlobalSection
	GlobalSection(NestedProjects) = preSolution
		{1448F838-CA7A-46BA-B10D-CCEFA3FC7B9A} = {5A1C7228-ED3C-4BD6-BA00-189A4904153C}
		{83690C19-B0B4-416A-9AF1-F3F641BAB726} = {5A1C7228-ED3C-4BD6-BA00-189A4904153C}
		{40125A48-9F51-4E7C-892F-400CC64C252B} = {5A1C7228-ED3C-4BD6-BA00-189A4904153C}
		{9CC738C6-D2F9-4A28-A591-596C23372AAE} = {5A1C7228-ED3C-4BD6-BA00-189A4904153C}
	EndGlobalSection
	GlobalSection(ExtensibilityGlobals) = postSolution
		SolutionGuid = {C76BD9BF-9E7D-4A74-9879-6C9F0453220B}
	EndGlobalSection
EndGlobal
