
Microsoft Visual Studio Solution File, Format Version 12.00
# Visual Studio Version 17
VisualStudioVersion = 17.3.32901.215
MinimumVisualStudioVersion = 10.0.40219.1
Project("{8BC9CEB8-8B4A-11D0-8D11-00A0C91BC942}") = "FindCharacterInString", "CppOpdrachten\CppOpdrachten.vcxproj", "{1448F838-CA7A-46BA-B10D-CCEFA3FC7B9A}"
EndProject
Project("{8BC9CEB8-8B4A-11D0-8D11-00A0C91BC942}") = "ValidateCreditCard", "Opdracht2\Opdracht2.vcxproj", "{83690C19-B0B4-416A-9AF1-F3F641BAB726}"
EndProject
Project("{8BC9CEB8-8B4A-11D0-8D11-00A0C91BC942}") = "AmountOfCharsInString", "Opdracht3\Opdracht3.vcxproj", "{40125A48-9F51-4E7C-892F-400CC64C252B}"
EndProject
Project("{8BC9CEB8-8B4A-11D0-8D11-00A0C91BC942}") = "MatrixSum", "Opdracht4\Opdracht4.vcxproj", "{9CC738C6-D2F9-4A28-A591-596C23372AAE}"
EndProject
Project("{2150E333-8FDC-42A3-9474-1A3956D46DE8}") = "Week1", "Week1", "{5A1C7228-ED3C-4BD6-BA00-189A4904153C}"
EndProject
Project("{2150E333-8FDC-42A3-9474-1A3956D46DE8}") = "Week2", "Week2", "{721D2473-674F-41DA-B99E-B4F8F3C8A905}"
EndProject
Project("{8BC9CEB8-8B4A-11D0-8D11-00A0C91BC942}") = "Stopwatch", "Opdracht1\Opdracht1.vcxproj", "{7CCEEF58-095D-4B63-AE0C-CF9EF03CE0D0}"
EndProject
Project("{8BC9CEB8-8B4A-11D0-8D11-00A0C91BC942}") = "Genes", "Genes\Genes.vcxproj", "{11DC3197-CCCF-4429-BC0E-8439F1EEBF95}"
EndProject
Project("{8BC9CEB8-8B4A-11D0-8D11-00A0C91BC942}") = "Palindrome", "Palindrome\Palindrome.vcxproj", "{F069804F-5451-44A3-94EE-C3D32528F06B}"
EndProject
Project("{8BC9CEB8-8B4A-11D0-8D11-00A0C91BC942}") = "Hangman", "Hangman\Hangman.vcxproj", "{8435BDC2-1654-4229-BAA0-25F655CEFBDE}"
EndProject
Project("{8BC9CEB8-8B4A-11D0-8D11-00A0C91BC942}") = "LargestBlock", "LargestBlock\LargestBlock.vcxproj", "{2D01525A-A4CF-4CD6-B5F4-4A67B7E4626E}"
EndProject
Project("{2150E333-8FDC-42A3-9474-1A3956D46DE8}") = "Week3", "Week3", "{E0E664C2-EE11-44DC-971D-A8056BC759E5}"
EndProject
Project("{8BC9CEB8-8B4A-11D0-8D11-00A0C91BC942}") = "DynamicArray", "DynamicArray\DynamicArray.vcxproj", "{5B66BAD3-9E1B-48B7-B658-D7A057084E60}"
EndProject
Global
	GlobalSection(SolutionConfigurationPlatforms) = preSolution
		Debug|x64 = Debug|x64
		Debug|x86 = Debug|x86
		Release|x64 = Release|x64
		Release|x86 = Release|x86
	EndGlobalSection
	GlobalSection(ProjectConfigurationPlatforms) = postSolution
		{1448F838-CA7A-46BA-B10D-CCEFA3FC7B9A}.Debug|x64.ActiveCfg = Debug|x64
		{1448F838-CA7A-46BA-B10D-CCEFA3FC7B9A}.Debug|x64.Build.0 = Debug|x64
		{1448F838-CA7A-46BA-B10D-CCEFA3FC7B9A}.Debug|x86.ActiveCfg = Debug|Win32
		{1448F838-CA7A-46BA-B10D-CCEFA3FC7B9A}.Debug|x86.Build.0 = Debug|Win32
		{1448F838-CA7A-46BA-B10D-CCEFA3FC7B9A}.Release|x64.ActiveCfg = Release|x64
		{1448F838-CA7A-46BA-B10D-CCEFA3FC7B9A}.Release|x64.Build.0 = Release|x64
		{1448F838-CA7A-46BA-B10D-CCEFA3FC7B9A}.Release|x86.ActiveCfg = Release|Win32
		{1448F838-CA7A-46BA-B10D-CCEFA3FC7B9A}.Release|x86.Build.0 = Release|Win32
		{83690C19-B0B4-416A-9AF1-F3F641BAB726}.Debug|x64.ActiveCfg = Debug|x64
		{83690C19-B0B4-416A-9AF1-F3F641BAB726}.Debug|x64.Build.0 = Debug|x64
		{83690C19-B0B4-416A-9AF1-F3F641BAB726}.Debug|x86.ActiveCfg = Debug|Win32
		{83690C19-B0B4-416A-9AF1-F3F641BAB726}.Debug|x86.Build.0 = Debug|Win32
		{83690C19-B0B4-416A-9AF1-F3F641BAB726}.Release|x64.ActiveCfg = Release|x64
		{83690C19-B0B4-416A-9AF1-F3F641BAB726}.Release|x64.Build.0 = Release|x64
		{83690C19-B0B4-416A-9AF1-F3F641BAB726}.Release|x86.ActiveCfg = Release|Win32
		{83690C19-B0B4-416A-9AF1-F3F641BAB726}.Release|x86.Build.0 = Release|Win32
		{40125A48-9F51-4E7C-892F-400CC64C252B}.Debug|x64.ActiveCfg = Debug|x64
		{40125A48-9F51-4E7C-892F-400CC64C252B}.Debug|x64.Build.0 = Debug|x64
		{40125A48-9F51-4E7C-892F-400CC64C252B}.Debug|x86.ActiveCfg = Debug|Win32
		{40125A48-9F51-4E7C-892F-400CC64C252B}.Debug|x86.Build.0 = Debug|Win32
		{40125A48-9F51-4E7C-892F-400CC64C252B}.Release|x64.ActiveCfg = Release|x64
		{40125A48-9F51-4E7C-892F-400CC64C252B}.Release|x64.Build.0 = Release|x64
		{40125A48-9F51-4E7C-892F-400CC64C252B}.Release|x86.ActiveCfg = Release|Win32
		{40125A48-9F51-4E7C-892F-400CC64C252B}.Release|x86.Build.0 = Release|Win32
		{9CC738C6-D2F9-4A28-A591-596C23372AAE}.Debug|x64.ActiveCfg = Debug|x64
		{9CC738C6-D2F9-4A28-A591-596C23372AAE}.Debug|x64.Build.0 = Debug|x64
		{9CC738C6-D2F9-4A28-A591-596C23372AAE}.Debug|x86.ActiveCfg = Debug|Win32
		{9CC738C6-D2F9-4A28-A591-596C23372AAE}.Debug|x86.Build.0 = Debug|Win32
		{9CC738C6-D2F9-4A28-A591-596C23372AAE}.Release|x64.ActiveCfg = Release|x64
		{9CC738C6-D2F9-4A28-A591-596C23372AAE}.Release|x64.Build.0 = Release|x64
		{9CC738C6-D2F9-4A28-A591-596C23372AAE}.Release|x86.ActiveCfg = Release|Win32
		{9CC738C6-D2F9-4A28-A591-596C23372AAE}.Release|x86.Build.0 = Release|Win32
		{7CCEEF58-095D-4B63-AE0C-CF9EF03CE0D0}.Debug|x64.ActiveCfg = Debug|x64
		{7CCEEF58-095D-4B63-AE0C-CF9EF03CE0D0}.Debug|x64.Build.0 = Debug|x64
		{7CCEEF58-095D-4B63-AE0C-CF9EF03CE0D0}.Debug|x86.ActiveCfg = Debug|Win32
		{7CCEEF58-095D-4B63-AE0C-CF9EF03CE0D0}.Debug|x86.Build.0 = Debug|Win32
		{7CCEEF58-095D-4B63-AE0C-CF9EF03CE0D0}.Release|x64.ActiveCfg = Release|x64
		{7CCEEF58-095D-4B63-AE0C-CF9EF03CE0D0}.Release|x64.Build.0 = Release|x64
		{7CCEEF58-095D-4B63-AE0C-CF9EF03CE0D0}.Release|x86.ActiveCfg = Release|Win32
		{7CCEEF58-095D-4B63-AE0C-CF9EF03CE0D0}.Release|x86.Build.0 = Release|Win32
		{11DC3197-CCCF-4429-BC0E-8439F1EEBF95}.Debug|x64.ActiveCfg = Debug|x64
		{11DC3197-CCCF-4429-BC0E-8439F1EEBF95}.Debug|x64.Build.0 = Debug|x64
		{11DC3197-CCCF-4429-BC0E-8439F1EEBF95}.Debug|x86.ActiveCfg = Debug|Win32
		{11DC3197-CCCF-4429-BC0E-8439F1EEBF95}.Debug|x86.Build.0 = Debug|Win32
		{11DC3197-CCCF-4429-BC0E-8439F1EEBF95}.Release|x64.ActiveCfg = Release|x64
		{11DC3197-CCCF-4429-BC0E-8439F1EEBF95}.Release|x64.Build.0 = Release|x64
		{11DC3197-CCCF-4429-BC0E-8439F1EEBF95}.Release|x86.ActiveCfg = Release|Win32
		{11DC3197-CCCF-4429-BC0E-8439F1EEBF95}.Release|x86.Build.0 = Release|Win32
		{F069804F-5451-44A3-94EE-C3D32528F06B}.Debug|x64.ActiveCfg = Debug|x64
		{F069804F-5451-44A3-94EE-C3D32528F06B}.Debug|x64.Build.0 = Debug|x64
		{F069804F-5451-44A3-94EE-C3D32528F06B}.Debug|x86.ActiveCfg = Debug|Win32
		{F069804F-5451-44A3-94EE-C3D32528F06B}.Debug|x86.Build.0 = Debug|Win32
		{F069804F-5451-44A3-94EE-C3D32528F06B}.Release|x64.ActiveCfg = Release|x64
		{F069804F-5451-44A3-94EE-C3D32528F06B}.Release|x64.Build.0 = Release|x64
		{F069804F-5451-44A3-94EE-C3D32528F06B}.Release|x86.ActiveCfg = Release|Win32
		{F069804F-5451-44A3-94EE-C3D32528F06B}.Release|x86.Build.0 = Release|Win32
		{8435BDC2-1654-4229-BAA0-25F655CEFBDE}.Debug|x64.ActiveCfg = Debug|x64
		{8435BDC2-1654-4229-BAA0-25F655CEFBDE}.Debug|x64.Build.0 = Debug|x64
		{8435BDC2-1654-4229-BAA0-25F655CEFBDE}.Debug|x86.ActiveCfg = Debug|Win32
		{8435BDC2-1654-4229-BAA0-25F655CEFBDE}.Debug|x86.Build.0 = Debug|Win32
		{8435BDC2-1654-4229-BAA0-25F655CEFBDE}.Release|x64.ActiveCfg = Release|x64
		{8435BDC2-1654-4229-BAA0-25F655CEFBDE}.Release|x64.Build.0 = Release|x64
		{8435BDC2-1654-4229-BAA0-25F655CEFBDE}.Release|x86.ActiveCfg = Release|Win32
		{8435BDC2-1654-4229-BAA0-25F655CEFBDE}.Release|x86.Build.0 = Release|Win32
		{2D01525A-A4CF-4CD6-B5F4-4A67B7E4626E}.Debug|x64.ActiveCfg = Debug|x64
		{2D01525A-A4CF-4CD6-B5F4-4A67B7E4626E}.Debug|x64.Build.0 = Debug|x64
		{2D01525A-A4CF-4CD6-B5F4-4A67B7E4626E}.Debug|x86.ActiveCfg = Debug|Win32
		{2D01525A-A4CF-4CD6-B5F4-4A67B7E4626E}.Debug|x86.Build.0 = Debug|Win32
		{2D01525A-A4CF-4CD6-B5F4-4A67B7E4626E}.Release|x64.ActiveCfg = Release|x64
		{2D01525A-A4CF-4CD6-B5F4-4A67B7E4626E}.Release|x64.Build.0 = Release|x64
		{2D01525A-A4CF-4CD6-B5F4-4A67B7E4626E}.Release|x86.ActiveCfg = Release|Win32
		{2D01525A-A4CF-4CD6-B5F4-4A67B7E4626E}.Release|x86.Build.0 = Release|Win32
		{5B66BAD3-9E1B-48B7-B658-D7A057084E60}.Debug|x64.ActiveCfg = Debug|x64
		{5B66BAD3-9E1B-48B7-B658-D7A057084E60}.Debug|x64.Build.0 = Debug|x64
		{5B66BAD3-9E1B-48B7-B658-D7A057084E60}.Debug|x86.ActiveCfg = Debug|Win32
		{5B66BAD3-9E1B-48B7-B658-D7A057084E60}.Debug|x86.Build.0 = Debug|Win32
		{5B66BAD3-9E1B-48B7-B658-D7A057084E60}.Release|x64.ActiveCfg = Release|x64
		{5B66BAD3-9E1B-48B7-B658-D7A057084E60}.Release|x64.Build.0 = Release|x64
		{5B66BAD3-9E1B-48B7-B658-D7A057084E60}.Release|x86.ActiveCfg = Release|Win32
		{5B66BAD3-9E1B-48B7-B658-D7A057084E60}.Release|x86.Build.0 = Release|Win32
	EndGlobalSection
	GlobalSection(SolutionProperties) = preSolution
		HideSolutionNode = FALSE
	EndGlobalSection
	GlobalSection(NestedProjects) = preSolution
		{1448F838-CA7A-46BA-B10D-CCEFA3FC7B9A} = {5A1C7228-ED3C-4BD6-BA00-189A4904153C}
		{83690C19-B0B4-416A-9AF1-F3F641BAB726} = {5A1C7228-ED3C-4BD6-BA00-189A4904153C}
		{40125A48-9F51-4E7C-892F-400CC64C252B} = {5A1C7228-ED3C-4BD6-BA00-189A4904153C}
		{9CC738C6-D2F9-4A28-A591-596C23372AAE} = {5A1C7228-ED3C-4BD6-BA00-189A4904153C}
		{7CCEEF58-095D-4B63-AE0C-CF9EF03CE0D0} = {721D2473-674F-41DA-B99E-B4F8F3C8A905}
		{11DC3197-CCCF-4429-BC0E-8439F1EEBF95} = {721D2473-674F-41DA-B99E-B4F8F3C8A905}
		{F069804F-5451-44A3-94EE-C3D32528F06B} = {721D2473-674F-41DA-B99E-B4F8F3C8A905}
		{8435BDC2-1654-4229-BAA0-25F655CEFBDE} = {721D2473-674F-41DA-B99E-B4F8F3C8A905}
		{2D01525A-A4CF-4CD6-B5F4-4A67B7E4626E} = {721D2473-674F-41DA-B99E-B4F8F3C8A905}
		{5B66BAD3-9E1B-48B7-B658-D7A057084E60} = {E0E664C2-EE11-44DC-971D-A8056BC759E5}
	EndGlobalSection
	GlobalSection(ExtensibilityGlobals) = postSolution
		SolutionGuid = {C76BD9BF-9E7D-4A74-9879-6C9F0453220B}
	EndGlobalSection
EndGlobal
